
Microsoft Visual Studio Solution File, Format Version 12.00
# Visual Studio Version 17
VisualStudioVersion = 17.3.32901.215
MinimumVisualStudioVersion = 10.0.40219.1
Project("{8BC9CEB8-8B4A-11D0-8D11-00A0C91BC942}") = "A12", "A12\A12.vcxproj", "{5137F9B1-8691-4DFD-AD3A-4CB624A567B9}"
EndProject
Global
	GlobalSection(SolutionConfigurationPlatforms) = preSolution
		Debug|x64 = Debug|x64
		Debug|x86 = Debug|x86
		Release|x64 = Release|x64
		Release|x86 = Release|x86
	EndGlobalSection
	GlobalSection(ProjectConfigurationPlatforms) = postSolution
		{5137F9B1-8691-4DFD-AD3A-4CB624A567B9}.Debug|x64.ActiveCfg = Debug|x64
		{5137F9B1-8691-4DFD-AD3A-4CB624A567B9}.Debug|x64.Build.0 = Debug|x64
		{5137F9B1-8691-4DFD-AD3A-4CB624A567B9}.Debug|x86.ActiveCfg = Debug|Win32
		{5137F9B1-8691-4DFD-AD3A-4CB624A567B9}.Debug|x86.Build.0 = Debug|Win32
		{5137F9B1-8691-4DFD-AD3A-4CB624A567B9}.Release|x64.ActiveCfg = Release|x64
		{5137F9B1-8691-4DFD-AD3A-4CB624A567B9}.Release|x64.Build.0 = Release|x64
		{5137F9B1-8691-4DFD-AD3A-4CB624A567B9}.Release|x86.ActiveCfg = Release|Win32
		{5137F9B1-8691-4DFD-AD3A-4CB624A567B9}.Release|x86.Build.0 = Release|Win32
	EndGlobalSection
	GlobalSection(SolutionProperties) = preSolution
		HideSolutionNode = FALSE
	EndGlobalSection
	GlobalSection(ExtensibilityGlobals) = postSolution
		SolutionGuid = {94DDFCF6-DE46-4325-8536-BC1944BCF777}
	EndGlobalSection
EndGlobal
